
Microsoft Visual Studio Solution File, Format Version 12.00
# Visual Studio Version 17
VisualStudioVersion = 17.2.32616.157
MinimumVisualStudioVersion = 10.0.40219.1
Project("{FAE04EC0-301F-11D3-BF4B-00C04F79EFBC}") = "TamGiac", "TamGiac\TamGiac.csproj", "{5D07D264-4279-4E66-8EAE-23B6BB246443}"
EndProject
Project("{FAE04EC0-301F-11D3-BF4B-00C04F79EFBC}") = "TongChuoi", "TongChuoi\TongChuoi.csproj", "{0277D1FD-BFDB-49E5-AC5F-5587BC04C153}"
EndProject
Global
	GlobalSection(SolutionConfigurationPlatforms) = preSolution
		Debug|Any CPU = Debug|Any CPU
		Release|Any CPU = Release|Any CPU
	EndGlobalSection
	GlobalSection(ProjectConfigurationPlatforms) = postSolution
		{5D07D264-4279-4E66-8EAE-23B6BB246443}.Debug|Any CPU.ActiveCfg = Debug|Any CPU
		{5D07D264-4279-4E66-8EAE-23B6BB246443}.Debug|Any CPU.Build.0 = Debug|Any CPU
		{5D07D264-4279-4E66-8EAE-23B6BB246443}.Release|Any CPU.ActiveCfg = Release|Any CPU
		{5D07D264-4279-4E66-8EAE-23B6BB246443}.Release|Any CPU.Build.0 = Release|Any CPU
		{0277D1FD-BFDB-49E5-AC5F-5587BC04C153}.Debug|Any CPU.ActiveCfg = Debug|Any CPU
		{0277D1FD-BFDB-49E5-AC5F-5587BC04C153}.Debug|Any CPU.Build.0 = Debug|Any CPU
		{0277D1FD-BFDB-49E5-AC5F-5587BC04C153}.Release|Any CPU.ActiveCfg = Release|Any CPU
		{0277D1FD-BFDB-49E5-AC5F-5587BC04C153}.Release|Any CPU.Build.0 = Release|Any CPU
	EndGlobalSection
	GlobalSection(SolutionProperties) = preSolution
		HideSolutionNode = FALSE
	EndGlobalSection
	GlobalSection(ExtensibilityGlobals) = postSolution
		SolutionGuid = {8A745193-1444-49E3-888A-167573956A70}
	EndGlobalSection
EndGlobal
