
Microsoft Visual Studio Solution File, Format Version 12.00
# Visual Studio Version 16
VisualStudioVersion = 16.0.32630.194
MinimumVisualStudioVersion = 10.0.40219.1
Project("{FAE04EC0-301F-11D3-BF4B-00C04F79EFBC}") = "Bai9_1", "Bai9_1\Bai9_1.csproj", "{D0733FDA-20E7-4522-B70B-A354450D7356}"
EndProject
Project("{FAE04EC0-301F-11D3-BF4B-00C04F79EFBC}") = "Bai9_2", "Bai9_2\Bai9_2.csproj", "{CAC8F1D4-93E0-4C35-A8ED-8F798035112C}"
EndProject
Project("{FAE04EC0-301F-11D3-BF4B-00C04F79EFBC}") = "Bai9_3", "Bai9_3\Bai9_3.csproj", "{2F31CC47-F215-4943-B29E-AACFD563F61B}"
EndProject
Project("{FAE04EC0-301F-11D3-BF4B-00C04F79EFBC}") = "Bai9_4", "Bai9_4\Bai9_4.csproj", "{7856BD1F-86A6-4CAD-9C0F-0E20724E5682}"
EndProject
Project("{FAE04EC0-301F-11D3-BF4B-00C04F79EFBC}") = "Bai9_5", "Bai9_5\Bai9_5.csproj", "{885C5EF4-0FBD-465E-BAF0-36D883A46E8B}"
EndProject
Global
	GlobalSection(SolutionConfigurationPlatforms) = preSolution
		Debug|Any CPU = Debug|Any CPU
		Release|Any CPU = Release|Any CPU
	EndGlobalSection
	GlobalSection(ProjectConfigurationPlatforms) = postSolution
		{D0733FDA-20E7-4522-B70B-A354450D7356}.Debug|Any CPU.ActiveCfg = Debug|Any CPU
		{D0733FDA-20E7-4522-B70B-A354450D7356}.Debug|Any CPU.Build.0 = Debug|Any CPU
		{D0733FDA-20E7-4522-B70B-A354450D7356}.Release|Any CPU.ActiveCfg = Release|Any CPU
		{D0733FDA-20E7-4522-B70B-A354450D7356}.Release|Any CPU.Build.0 = Release|Any CPU
		{CAC8F1D4-93E0-4C35-A8ED-8F798035112C}.Debug|Any CPU.ActiveCfg = Debug|Any CPU
		{CAC8F1D4-93E0-4C35-A8ED-8F798035112C}.Debug|Any CPU.Build.0 = Debug|Any CPU
		{CAC8F1D4-93E0-4C35-A8ED-8F798035112C}.Release|Any CPU.ActiveCfg = Release|Any CPU
		{CAC8F1D4-93E0-4C35-A8ED-8F798035112C}.Release|Any CPU.Build.0 = Release|Any CPU
		{2F31CC47-F215-4943-B29E-AACFD563F61B}.Debug|Any CPU.ActiveCfg = Debug|Any CPU
		{2F31CC47-F215-4943-B29E-AACFD563F61B}.Debug|Any CPU.Build.0 = Debug|Any CPU
		{2F31CC47-F215-4943-B29E-AACFD563F61B}.Release|Any CPU.ActiveCfg = Release|Any CPU
		{2F31CC47-F215-4943-B29E-AACFD563F61B}.Release|Any CPU.Build.0 = Release|Any CPU
		{7856BD1F-86A6-4CAD-9C0F-0E20724E5682}.Debug|Any CPU.ActiveCfg = Debug|Any CPU
		{7856BD1F-86A6-4CAD-9C0F-0E20724E5682}.Debug|Any CPU.Build.0 = Debug|Any CPU
		{7856BD1F-86A6-4CAD-9C0F-0E20724E5682}.Release|Any CPU.ActiveCfg = Release|Any CPU
		{7856BD1F-86A6-4CAD-9C0F-0E20724E5682}.Release|Any CPU.Build.0 = Release|Any CPU
		{885C5EF4-0FBD-465E-BAF0-36D883A46E8B}.Debug|Any CPU.ActiveCfg = Debug|Any CPU
		{885C5EF4-0FBD-465E-BAF0-36D883A46E8B}.Debug|Any CPU.Build.0 = Debug|Any CPU
		{885C5EF4-0FBD-465E-BAF0-36D883A46E8B}.Release|Any CPU.ActiveCfg = Release|Any CPU
		{885C5EF4-0FBD-465E-BAF0-36D883A46E8B}.Release|Any CPU.Build.0 = Release|Any CPU
	EndGlobalSection
	GlobalSection(SolutionProperties) = preSolution
		HideSolutionNode = FALSE
	EndGlobalSection
	GlobalSection(ExtensibilityGlobals) = postSolution
		SolutionGuid = {DE7CE364-540B-4705-B104-50417856A927}
	EndGlobalSection
EndGlobal
