
Microsoft Visual Studio Solution File, Format Version 12.00
# Visual Studio Version 17
VisualStudioVersion = 17.2.32616.157
MinimumVisualStudioVersion = 10.0.40219.1
Project("{FAE04EC0-301F-11D3-BF4B-00C04F79EFBC}") = "Bai1", "Bai3\Bai1.csproj", "{5C99EE53-E3B2-4A8C-A410-F0DC64F6141B}"
EndProject
Project("{FAE04EC0-301F-11D3-BF4B-00C04F79EFBC}") = "Bai3_2", "Bai2\Bai3_2.csproj", "{59816313-6761-4C81-B6E6-F4B22A3D72CA}"
EndProject
Project("{FAE04EC0-301F-11D3-BF4B-00C04F79EFBC}") = "DanhSach", "DanhSach\DanhSach.csproj", "{4B4BC801-5E30-4E2E-B2FB-B707CE7DD92F}"
EndProject
Project("{FAE04EC0-301F-11D3-BF4B-00C04F79EFBC}") = "TapTin", "TapTin\TapTin.csproj", "{B67F4F1A-92A9-4068-8490-8F4278A12F4E}"
EndProject
Global
	GlobalSection(SolutionConfigurationPlatforms) = preSolution
		Debug|Any CPU = Debug|Any CPU
		Release|Any CPU = Release|Any CPU
	EndGlobalSection
	GlobalSection(ProjectConfigurationPlatforms) = postSolution
		{5C99EE53-E3B2-4A8C-A410-F0DC64F6141B}.Debug|Any CPU.ActiveCfg = Debug|Any CPU
		{5C99EE53-E3B2-4A8C-A410-F0DC64F6141B}.Debug|Any CPU.Build.0 = Debug|Any CPU
		{5C99EE53-E3B2-4A8C-A410-F0DC64F6141B}.Release|Any CPU.ActiveCfg = Release|Any CPU
		{5C99EE53-E3B2-4A8C-A410-F0DC64F6141B}.Release|Any CPU.Build.0 = Release|Any CPU
		{59816313-6761-4C81-B6E6-F4B22A3D72CA}.Debug|Any CPU.ActiveCfg = Debug|Any CPU
		{59816313-6761-4C81-B6E6-F4B22A3D72CA}.Debug|Any CPU.Build.0 = Debug|Any CPU
		{59816313-6761-4C81-B6E6-F4B22A3D72CA}.Release|Any CPU.ActiveCfg = Release|Any CPU
		{59816313-6761-4C81-B6E6-F4B22A3D72CA}.Release|Any CPU.Build.0 = Release|Any CPU
		{4B4BC801-5E30-4E2E-B2FB-B707CE7DD92F}.Debug|Any CPU.ActiveCfg = Debug|Any CPU
		{4B4BC801-5E30-4E2E-B2FB-B707CE7DD92F}.Debug|Any CPU.Build.0 = Debug|Any CPU
		{4B4BC801-5E30-4E2E-B2FB-B707CE7DD92F}.Release|Any CPU.ActiveCfg = Release|Any CPU
		{4B4BC801-5E30-4E2E-B2FB-B707CE7DD92F}.Release|Any CPU.Build.0 = Release|Any CPU
		{B67F4F1A-92A9-4068-8490-8F4278A12F4E}.Debug|Any CPU.ActiveCfg = Debug|Any CPU
		{B67F4F1A-92A9-4068-8490-8F4278A12F4E}.Debug|Any CPU.Build.0 = Debug|Any CPU
		{B67F4F1A-92A9-4068-8490-8F4278A12F4E}.Release|Any CPU.ActiveCfg = Release|Any CPU
		{B67F4F1A-92A9-4068-8490-8F4278A12F4E}.Release|Any CPU.Build.0 = Release|Any CPU
	EndGlobalSection
	GlobalSection(SolutionProperties) = preSolution
		HideSolutionNode = FALSE
	EndGlobalSection
	GlobalSection(ExtensibilityGlobals) = postSolution
		SolutionGuid = {BCD2FE28-CDF7-4017-A1E6-166FC1FCA2A1}
	EndGlobalSection
EndGlobal
